
Microsoft Visual Studio Solution File, Format Version 12.00
# Visual Studio Version 16
VisualStudioVersion = 16.0.31613.86
MinimumVisualStudioVersion = 10.0.40219.1
Project("{FAE04EC0-301F-11D3-BF4B-00C04F79EFBC}") = "NguyenThiThanhHang_04", "NguyenThiThanhHang_04\NguyenThiThanhHang_04.csproj", "{57094FED-23CC-4188-BB58-6C2C01344082}"
EndProject
Global
	GlobalSection(SolutionConfigurationPlatforms) = preSolution
		Debug|Any CPU = Debug|Any CPU
		Release|Any CPU = Release|Any CPU
	EndGlobalSection
	GlobalSection(ProjectConfigurationPlatforms) = postSolution
		{57094FED-23CC-4188-BB58-6C2C01344082}.Debug|Any CPU.ActiveCfg = Debug|Any CPU
		{57094FED-23CC-4188-BB58-6C2C01344082}.Debug|Any CPU.Build.0 = Debug|Any CPU
		{57094FED-23CC-4188-BB58-6C2C01344082}.Release|Any CPU.ActiveCfg = Release|Any CPU
		{57094FED-23CC-4188-BB58-6C2C01344082}.Release|Any CPU.Build.0 = Release|Any CPU
	EndGlobalSection
	GlobalSection(SolutionProperties) = preSolution
		HideSolutionNode = FALSE
	EndGlobalSection
	GlobalSection(ExtensibilityGlobals) = postSolution
		SolutionGuid = {B617BF72-F4C1-47CE-8112-79CF6E8973BA}
	EndGlobalSection
EndGlobal
